
Microsoft Visual Studio Solution File, Format Version 12.00
# Visual Studio Version 17
VisualStudioVersion = 17.6.33815.320
MinimumVisualStudioVersion = 10.0.40219.1
Project("{2150E333-8FDC-42A3-9474-1A3956D46DE8}") = "Services", "Services", "{8BACD0FD-EC9F-489D-A6B6-75BEF3BEE7BF}"
EndProject
Project("{2150E333-8FDC-42A3-9474-1A3956D46DE8}") = "Catalog", "Catalog", "{372B7FB9-EE56-43E0-8E66-821C0DC40620}"
EndProject
Project("{FAE04EC0-301F-11D3-BF4B-00C04F79EFBC}") = "Catalog.API", "Services\Catalog\Catalog.API\Catalog.API.csproj", "{729101C6-005E-4075-9E8B-2D574CB2E3DD}"
EndProject
Global
	GlobalSection(SolutionConfigurationPlatforms) = preSolution
		Debug|Any CPU = Debug|Any CPU
		Release|Any CPU = Release|Any CPU
	EndGlobalSection
	GlobalSection(ProjectConfigurationPlatforms) = postSolution
		{729101C6-005E-4075-9E8B-2D574CB2E3DD}.Debug|Any CPU.ActiveCfg = Debug|Any CPU
		{729101C6-005E-4075-9E8B-2D574CB2E3DD}.Debug|Any CPU.Build.0 = Debug|Any CPU
		{729101C6-005E-4075-9E8B-2D574CB2E3DD}.Release|Any CPU.ActiveCfg = Release|Any CPU
		{729101C6-005E-4075-9E8B-2D574CB2E3DD}.Release|Any CPU.Build.0 = Release|Any CPU
	EndGlobalSection
	GlobalSection(SolutionProperties) = preSolution
		HideSolutionNode = FALSE
	EndGlobalSection
	GlobalSection(NestedProjects) = preSolution
		{372B7FB9-EE56-43E0-8E66-821C0DC40620} = {8BACD0FD-EC9F-489D-A6B6-75BEF3BEE7BF}
		{729101C6-005E-4075-9E8B-2D574CB2E3DD} = {372B7FB9-EE56-43E0-8E66-821C0DC40620}
	EndGlobalSection
	GlobalSection(ExtensibilityGlobals) = postSolution
		SolutionGuid = {2F1B328C-6264-4FB7-AF18-0961525C7485}
	EndGlobalSection
EndGlobal
