
Microsoft Visual Studio Solution File, Format Version 12.00
# Visual Studio Version 17
VisualStudioVersion = 17.6.33815.320
MinimumVisualStudioVersion = 10.0.40219.1
Project("{2150E333-8FDC-42A3-9474-1A3956D46DE8}") = "Services", "Services", "{8BACD0FD-EC9F-489D-A6B6-75BEF3BEE7BF}"
EndProject
Project("{2150E333-8FDC-42A3-9474-1A3956D46DE8}") = "Catalog", "Catalog", "{372B7FB9-EE56-43E0-8E66-821C0DC40620}"
EndProject
Project("{9A19103F-16F7-4668-BE54-9A1E7A4F7556}") = "Catalog.API", "Services\Catalog\Catalog.API\Catalog.API.csproj", "{729101C6-005E-4075-9E8B-2D574CB2E3DD}"
EndProject
Project("{E53339B2-1760-4266-BCC7-CA923CBCF16C}") = "docker-compose", "docker-compose.dcproj", "{C7012B72-FC4A-4A18-88DA-99E95DAC335E}"
EndProject
Project("{2150E333-8FDC-42A3-9474-1A3956D46DE8}") = "Basket", "Basket", "{A89F2734-DC58-4797-8095-92259DD48BBB}"
EndProject
Project("{9A19103F-16F7-4668-BE54-9A1E7A4F7556}") = "Basket.API", "Services\Basket\Basket.API\Basket.API.csproj", "{59B6E026-5C5B-40C4-AA23-91648AF3F9DC}"
EndProject
Project("{2150E333-8FDC-42A3-9474-1A3956D46DE8}") = "Discount", "Discount", "{D96AC61E-A674-4CC7-B658-B1AE8C00DD87}"
EndProject
Project("{9A19103F-16F7-4668-BE54-9A1E7A4F7556}") = "Discount.API", "Services\Discount\Discount.API\Discount.API.csproj", "{7253B90E-F7E2-492B-951C-07B256285697}"
EndProject
Project("{FAE04EC0-301F-11D3-BF4B-00C04F79EFBC}") = "Discount.Grpc", "Services\Discount\Discount.Grpc\Discount.Grpc.csproj", "{22033DC6-5110-41FB-8D5D-2AE7617800BD}"
EndProject
Project("{2150E333-8FDC-42A3-9474-1A3956D46DE8}") = "Ordering", "Ordering", "{5A11B70D-57D8-432E-BD14-4B7067982EA0}"
EndProject
Project("{FAE04EC0-301F-11D3-BF4B-00C04F79EFBC}") = "Ordering.API", "Services\Ordering\Ordering.API\Ordering.API.csproj", "{86445DA1-228B-4DD1-8709-E9DE5ECB8F1A}"
EndProject
Project("{FAE04EC0-301F-11D3-BF4B-00C04F79EFBC}") = "Ordering.Domain", "Services\Ordering\Ordering.Domain\Ordering.Domain.csproj", "{57779BDB-AE7D-4EA6-8E81-6C2F72EE439C}"
EndProject
Project("{FAE04EC0-301F-11D3-BF4B-00C04F79EFBC}") = "Ordering.Application", "Services\Ordering\Ordering.Application\Ordering.Application.csproj", "{740A4010-2125-4D87-94A4-82F28F203071}"
EndProject
Project("{FAE04EC0-301F-11D3-BF4B-00C04F79EFBC}") = "Ordering.Infrastructure", "Services\Ordering\Ordering.Infrastructure\Ordering.Infrastructure.csproj", "{58945CB9-F1D9-4316-BA5D-8A493D9B1E1F}"
EndProject
Global
	GlobalSection(SolutionConfigurationPlatforms) = preSolution
		Debug|Any CPU = Debug|Any CPU
		Release|Any CPU = Release|Any CPU
	EndGlobalSection
	GlobalSection(ProjectConfigurationPlatforms) = postSolution
		{729101C6-005E-4075-9E8B-2D574CB2E3DD}.Debug|Any CPU.ActiveCfg = Debug|Any CPU
		{729101C6-005E-4075-9E8B-2D574CB2E3DD}.Debug|Any CPU.Build.0 = Debug|Any CPU
		{729101C6-005E-4075-9E8B-2D574CB2E3DD}.Release|Any CPU.ActiveCfg = Release|Any CPU
		{729101C6-005E-4075-9E8B-2D574CB2E3DD}.Release|Any CPU.Build.0 = Release|Any CPU
		{C7012B72-FC4A-4A18-88DA-99E95DAC335E}.Debug|Any CPU.ActiveCfg = Debug|Any CPU
		{C7012B72-FC4A-4A18-88DA-99E95DAC335E}.Debug|Any CPU.Build.0 = Debug|Any CPU
		{C7012B72-FC4A-4A18-88DA-99E95DAC335E}.Release|Any CPU.ActiveCfg = Release|Any CPU
		{C7012B72-FC4A-4A18-88DA-99E95DAC335E}.Release|Any CPU.Build.0 = Release|Any CPU
		{59B6E026-5C5B-40C4-AA23-91648AF3F9DC}.Debug|Any CPU.ActiveCfg = Debug|Any CPU
		{59B6E026-5C5B-40C4-AA23-91648AF3F9DC}.Debug|Any CPU.Build.0 = Debug|Any CPU
		{59B6E026-5C5B-40C4-AA23-91648AF3F9DC}.Release|Any CPU.ActiveCfg = Release|Any CPU
		{59B6E026-5C5B-40C4-AA23-91648AF3F9DC}.Release|Any CPU.Build.0 = Release|Any CPU
		{7253B90E-F7E2-492B-951C-07B256285697}.Debug|Any CPU.ActiveCfg = Debug|Any CPU
		{7253B90E-F7E2-492B-951C-07B256285697}.Debug|Any CPU.Build.0 = Debug|Any CPU
		{7253B90E-F7E2-492B-951C-07B256285697}.Release|Any CPU.ActiveCfg = Release|Any CPU
		{7253B90E-F7E2-492B-951C-07B256285697}.Release|Any CPU.Build.0 = Release|Any CPU
		{22033DC6-5110-41FB-8D5D-2AE7617800BD}.Debug|Any CPU.ActiveCfg = Debug|Any CPU
		{22033DC6-5110-41FB-8D5D-2AE7617800BD}.Debug|Any CPU.Build.0 = Debug|Any CPU
		{22033DC6-5110-41FB-8D5D-2AE7617800BD}.Release|Any CPU.ActiveCfg = Release|Any CPU
		{22033DC6-5110-41FB-8D5D-2AE7617800BD}.Release|Any CPU.Build.0 = Release|Any CPU
		{86445DA1-228B-4DD1-8709-E9DE5ECB8F1A}.Debug|Any CPU.ActiveCfg = Debug|Any CPU
		{86445DA1-228B-4DD1-8709-E9DE5ECB8F1A}.Debug|Any CPU.Build.0 = Debug|Any CPU
		{86445DA1-228B-4DD1-8709-E9DE5ECB8F1A}.Release|Any CPU.ActiveCfg = Release|Any CPU
		{86445DA1-228B-4DD1-8709-E9DE5ECB8F1A}.Release|Any CPU.Build.0 = Release|Any CPU
		{57779BDB-AE7D-4EA6-8E81-6C2F72EE439C}.Debug|Any CPU.ActiveCfg = Debug|Any CPU
		{57779BDB-AE7D-4EA6-8E81-6C2F72EE439C}.Debug|Any CPU.Build.0 = Debug|Any CPU
		{57779BDB-AE7D-4EA6-8E81-6C2F72EE439C}.Release|Any CPU.ActiveCfg = Release|Any CPU
		{57779BDB-AE7D-4EA6-8E81-6C2F72EE439C}.Release|Any CPU.Build.0 = Release|Any CPU
		{740A4010-2125-4D87-94A4-82F28F203071}.Debug|Any CPU.ActiveCfg = Debug|Any CPU
		{740A4010-2125-4D87-94A4-82F28F203071}.Debug|Any CPU.Build.0 = Debug|Any CPU
		{740A4010-2125-4D87-94A4-82F28F203071}.Release|Any CPU.ActiveCfg = Release|Any CPU
		{740A4010-2125-4D87-94A4-82F28F203071}.Release|Any CPU.Build.0 = Release|Any CPU
		{58945CB9-F1D9-4316-BA5D-8A493D9B1E1F}.Debug|Any CPU.ActiveCfg = Debug|Any CPU
		{58945CB9-F1D9-4316-BA5D-8A493D9B1E1F}.Debug|Any CPU.Build.0 = Debug|Any CPU
		{58945CB9-F1D9-4316-BA5D-8A493D9B1E1F}.Release|Any CPU.ActiveCfg = Release|Any CPU
		{58945CB9-F1D9-4316-BA5D-8A493D9B1E1F}.Release|Any CPU.Build.0 = Release|Any CPU
	EndGlobalSection
	GlobalSection(SolutionProperties) = preSolution
		HideSolutionNode = FALSE
	EndGlobalSection
	GlobalSection(NestedProjects) = preSolution
		{372B7FB9-EE56-43E0-8E66-821C0DC40620} = {8BACD0FD-EC9F-489D-A6B6-75BEF3BEE7BF}
		{729101C6-005E-4075-9E8B-2D574CB2E3DD} = {372B7FB9-EE56-43E0-8E66-821C0DC40620}
		{A89F2734-DC58-4797-8095-92259DD48BBB} = {8BACD0FD-EC9F-489D-A6B6-75BEF3BEE7BF}
		{59B6E026-5C5B-40C4-AA23-91648AF3F9DC} = {A89F2734-DC58-4797-8095-92259DD48BBB}
		{D96AC61E-A674-4CC7-B658-B1AE8C00DD87} = {8BACD0FD-EC9F-489D-A6B6-75BEF3BEE7BF}
		{7253B90E-F7E2-492B-951C-07B256285697} = {D96AC61E-A674-4CC7-B658-B1AE8C00DD87}
		{22033DC6-5110-41FB-8D5D-2AE7617800BD} = {D96AC61E-A674-4CC7-B658-B1AE8C00DD87}
		{5A11B70D-57D8-432E-BD14-4B7067982EA0} = {8BACD0FD-EC9F-489D-A6B6-75BEF3BEE7BF}
		{86445DA1-228B-4DD1-8709-E9DE5ECB8F1A} = {5A11B70D-57D8-432E-BD14-4B7067982EA0}
		{57779BDB-AE7D-4EA6-8E81-6C2F72EE439C} = {5A11B70D-57D8-432E-BD14-4B7067982EA0}
		{740A4010-2125-4D87-94A4-82F28F203071} = {5A11B70D-57D8-432E-BD14-4B7067982EA0}
		{58945CB9-F1D9-4316-BA5D-8A493D9B1E1F} = {5A11B70D-57D8-432E-BD14-4B7067982EA0}
	EndGlobalSection
	GlobalSection(ExtensibilityGlobals) = postSolution
		SolutionGuid = {2F1B328C-6264-4FB7-AF18-0961525C7485}
	EndGlobalSection
EndGlobal
